
Microsoft Visual Studio Solution File, Format Version 12.00
# Visual Studio Version 17
VisualStudioVersion = 17.0.31903.59
MinimumVisualStudioVersion = 10.0.40219.1
Project("{2150E333-8FDC-42A3-9474-1A3956D46DE8}") = "src", "src", "{827E0CD3-B72D-47B6-A68D-7590B98EB39B}"
EndProject
Project("{2150E333-8FDC-42A3-9474-1A3956D46DE8}") = "core", "core", "{8D626EA8-CB54-BC41-363A-217881BEBA6E}"
EndProject
Project("{FAE04EC0-301F-11D3-BF4B-00C04F79EFBC}") = "SetNet", "src\core\SetNet\SetNet.csproj", "{74170F2A-51DB-46AA-9663-BDDEEF9B4C48}"
EndProject
Project("{2150E333-8FDC-42A3-9474-1A3956D46DE8}") = "engine", "engine", "{581C1AFC-A79E-7578-3E64-521365DC72E1}"
EndProject
Project("{FAE04EC0-301F-11D3-BF4B-00C04F79EFBC}") = "SetNet.Unity", "src\engine\SetNet.Unity\SetNet.Unity.csproj", "{AB1A937A-86B7-4AEA-9CEB-D3B79723A0CA}"
EndProject
Project("{2150E333-8FDC-42A3-9474-1A3956D46DE8}") = "logging", "logging", "{90169FD9-C04C-CFD8-4C78-4B398A3E5663}"
EndProject
Project("{FAE04EC0-301F-11D3-BF4B-00C04F79EFBC}") = "SetNet.Logging.Serilog", "src\logging\SetNet.Logging.Serilog\SetNet.Logging.Serilog.csproj", "{D56F906D-69C7-49C9-9F33-0F4152531B60}"
EndProject
Project("{2150E333-8FDC-42A3-9474-1A3956D46DE8}") = "messaging", "messaging", "{1AB6002E-85EB-C75A-9828-95B8B8565E80}"
EndProject
Project("{FAE04EC0-301F-11D3-BF4B-00C04F79EFBC}") = "SetNet.Rpc", "src\messaging\SetNet.Rpc\SetNet.Rpc.csproj", "{BA6C30C9-5CC8-406C-A935-344BE3515F34}"
EndProject
Project("{2150E333-8FDC-42A3-9474-1A3956D46DE8}") = "net", "net", "{AAA092DB-504E-ED76-ABFC-4AE22683804D}"
EndProject
Project("{FAE04EC0-301F-11D3-BF4B-00C04F79EFBC}") = "SetNet.RateLimit", "src\net\SetNet.RateLimit\SetNet.RateLimit.csproj", "{71209AC6-C6D1-47B6-A334-E386D86BCBA0}"
EndProject
Project("{2150E333-8FDC-42A3-9474-1A3956D46DE8}") = "realtime", "realtime", "{8A7AE5EB-F441-8BF0-192B-8DD8284C2972}"
EndProject
Project("{FAE04EC0-301F-11D3-BF4B-00C04F79EFBC}") = "SetNet.Matchmaking", "src\realtime\SetNet.Matchmaking\SetNet.Matchmaking.csproj", "{8D1BD181-A7AD-4D3C-8824-860A0312F546}"
EndProject
Project("{FAE04EC0-301F-11D3-BF4B-00C04F79EFBC}") = "SetNet.Rooms", "src\realtime\SetNet.Rooms\SetNet.Rooms.csproj", "{D100B531-2694-4581-B724-A3DBD8389BF4}"
EndProject
Project("{FAE04EC0-301F-11D3-BF4B-00C04F79EFBC}") = "SetNet.StateSync", "src\realtime\SetNet.StateSync\SetNet.StateSync.csproj", "{92C07901-F72E-4BE6-A877-3ACDF58B17A3}"
EndProject
Project("{2150E333-8FDC-42A3-9474-1A3956D46DE8}") = "security", "security", "{C0672DDC-B16F-D231-C4B5-64C737C38FC9}"
EndProject
Project("{FAE04EC0-301F-11D3-BF4B-00C04F79EFBC}") = "SetNet.Auth", "src\security\SetNet.Auth\SetNet.Auth.csproj", "{C2868FB8-1FD7-4F76-A5D6-64AFA821B42C}"
EndProject
Project("{2150E333-8FDC-42A3-9474-1A3956D46DE8}") = "serializers", "serializers", "{C3703A11-F2BD-45FF-5050-EBFF5A6FD2E2}"
EndProject
Project("{FAE04EC0-301F-11D3-BF4B-00C04F79EFBC}") = "SetNet.MessagePack", "src\serializers\SetNet.MessagePack\SetNet.MessagePack.csproj", "{8F8102E0-45E1-45A9-947E-8AE571ADF049}"
EndProject
Project("{2150E333-8FDC-42A3-9474-1A3956D46DE8}") = "transports", "transports", "{14B704B6-79C8-2145-F07C-11D4A8509C3B}"
EndProject
Project("{FAE04EC0-301F-11D3-BF4B-00C04F79EFBC}") = "SetNet.InMemory", "src\transports\SetNet.InMemory\SetNet.InMemory.csproj", "{DBEC14FD-09D6-404C-97BC-C7C8247B9C20}"
EndProject
Project("{FAE04EC0-301F-11D3-BF4B-00C04F79EFBC}") = "SetNet.WebSockets", "src\transports\SetNet.WebSockets\SetNet.WebSockets.csproj", "{CFFC4318-FC98-4549-8409-FF59C30DC8DA}"
EndProject
Project("{2150E333-8FDC-42A3-9474-1A3956D46DE8}") = "tests", "tests", "{0AB3BF05-4346-4AA6-1389-037BE0695223}"
EndProject
Project("{FAE04EC0-301F-11D3-BF4B-00C04F79EFBC}") = "SetNet.Tests", "tests\SetNet.Tests\SetNet.Tests.csproj", "{D9B2459F-8607-44F6-9F52-03170A418820}"
EndProject
Project("{FAE04EC0-301F-11D3-BF4B-00C04F79EFBC}") = "SetNet.UnitTests", "tests\SetNet.UnitTests\SetNet.UnitTests.csproj", "{86AC2371-FAE6-4777-8027-C9DA4E8870F6}"
EndProject
Project("{2150E333-8FDC-42A3-9474-1A3956D46DE8}") = "examples", "examples", "{B36A84DF-456D-A817-6EDD-3EC3E7F6E11F}"
EndProject
Project("{FAE04EC0-301F-11D3-BF4B-00C04F79EFBC}") = "Chat.Client", "examples\Chat.Client\Chat.Client.csproj", "{F41ACA3A-8D77-45E9-B1EF-721F8E018F6E}"
EndProject
Project("{FAE04EC0-301F-11D3-BF4B-00C04F79EFBC}") = "Chat.Shared", "examples\Chat.Shared\Chat.Shared.csproj", "{90F12633-F63F-4059-98D8-4015536D3A15}"
EndProject
Project("{FAE04EC0-301F-11D3-BF4B-00C04F79EFBC}") = "Chat.Server", "examples\Chat.Server\Chat.Server.csproj", "{120F1743-842B-42E4-A587-C629239CA07A}"
EndProject
Project("{FAE04EC0-301F-11D3-BF4B-00C04F79EFBC}") = "SetNet.Json", "src\serializers\SetNet.Json\SetNet.Json.csproj", "{F7E0AC8B-E4C9-479B-A065-7BB1721345FE}"
EndProject
Project("{FAE04EC0-301F-11D3-BF4B-00C04F79EFBC}") = "SetNet.MemoryPack", "src\serializers\SetNet.MemoryPack\SetNet.MemoryPack.csproj", "{848D6DB8-5826-428F-BAD2-F324C53EF49A}"
EndProject
Project("{FAE04EC0-301F-11D3-BF4B-00C04F79EFBC}") = "SetNet.Protobuf", "src\serializers\SetNet.Protobuf\SetNet.Protobuf.csproj", "{C87296EE-9D22-451C-AD74-89DA19D37C4E}"
EndProject
Project("{FAE04EC0-301F-11D3-BF4B-00C04F79EFBC}") = "SetNet.Compression", "src\serializers\SetNet.Compression\SetNet.Compression.csproj", "{C33B0459-1906-441E-A04D-BAA0539306A5}"
EndProject
Project("{FAE04EC0-301F-11D3-BF4B-00C04F79EFBC}") = "SetNet.Auth.Jwt", "src\security\SetNet.Auth.Jwt\SetNet.Auth.Jwt.csproj", "{399DB4D8-05F0-484B-AE1C-D52FF33DB6BB}"
EndProject
Project("{FAE04EC0-301F-11D3-BF4B-00C04F79EFBC}") = "SetNet.Auth.OAuth", "src\security\SetNet.Auth.OAuth\SetNet.Auth.OAuth.csproj", "{C122B257-EA60-4CC8-850E-84A3F9411495}"
EndProject
Project("{FAE04EC0-301F-11D3-BF4B-00C04F79EFBC}") = "SetNet.BanList", "src\security\SetNet.BanList\SetNet.BanList.csproj", "{FFEC674B-DF65-46DC-9575-1927CEFA2B0D}"
EndProject
Project("{FAE04EC0-301F-11D3-BF4B-00C04F79EFBC}") = "SetNet.DdosGuard", "src\security\SetNet.DdosGuard\SetNet.DdosGuard.csproj", "{6F42F8DE-1BF6-4932-8F00-FB0CB52DA5BF}"
EndProject
Global
	GlobalSection(SolutionConfigurationPlatforms) = preSolution
		Debug|Any CPU = Debug|Any CPU
		Debug|x64 = Debug|x64
		Debug|x86 = Debug|x86
		Release|Any CPU = Release|Any CPU
		Release|x64 = Release|x64
		Release|x86 = Release|x86
	EndGlobalSection
	GlobalSection(ProjectConfigurationPlatforms) = postSolution
		{74170F2A-51DB-46AA-9663-BDDEEF9B4C48}.Debug|Any CPU.ActiveCfg = Debug|Any CPU
		{74170F2A-51DB-46AA-9663-BDDEEF9B4C48}.Debug|Any CPU.Build.0 = Debug|Any CPU
		{74170F2A-51DB-46AA-9663-BDDEEF9B4C48}.Debug|x64.ActiveCfg = Debug|Any CPU
		{74170F2A-51DB-46AA-9663-BDDEEF9B4C48}.Debug|x64.Build.0 = Debug|Any CPU
		{74170F2A-51DB-46AA-9663-BDDEEF9B4C48}.Debug|x86.ActiveCfg = Debug|Any CPU
		{74170F2A-51DB-46AA-9663-BDDEEF9B4C48}.Debug|x86.Build.0 = Debug|Any CPU
		{74170F2A-51DB-46AA-9663-BDDEEF9B4C48}.Release|Any CPU.ActiveCfg = Release|Any CPU
		{74170F2A-51DB-46AA-9663-BDDEEF9B4C48}.Release|Any CPU.Build.0 = Release|Any CPU
		{74170F2A-51DB-46AA-9663-BDDEEF9B4C48}.Release|x64.ActiveCfg = Release|Any CPU
		{74170F2A-51DB-46AA-9663-BDDEEF9B4C48}.Release|x64.Build.0 = Release|Any CPU
		{74170F2A-51DB-46AA-9663-BDDEEF9B4C48}.Release|x86.ActiveCfg = Release|Any CPU
		{74170F2A-51DB-46AA-9663-BDDEEF9B4C48}.Release|x86.Build.0 = Release|Any CPU
		{AB1A937A-86B7-4AEA-9CEB-D3B79723A0CA}.Debug|Any CPU.ActiveCfg = Debug|Any CPU
		{AB1A937A-86B7-4AEA-9CEB-D3B79723A0CA}.Debug|Any CPU.Build.0 = Debug|Any CPU
		{AB1A937A-86B7-4AEA-9CEB-D3B79723A0CA}.Debug|x64.ActiveCfg = Debug|Any CPU
		{AB1A937A-86B7-4AEA-9CEB-D3B79723A0CA}.Debug|x64.Build.0 = Debug|Any CPU
		{AB1A937A-86B7-4AEA-9CEB-D3B79723A0CA}.Debug|x86.ActiveCfg = Debug|Any CPU
		{AB1A937A-86B7-4AEA-9CEB-D3B79723A0CA}.Debug|x86.Build.0 = Debug|Any CPU
		{AB1A937A-86B7-4AEA-9CEB-D3B79723A0CA}.Release|Any CPU.ActiveCfg = Release|Any CPU
		{AB1A937A-86B7-4AEA-9CEB-D3B79723A0CA}.Release|Any CPU.Build.0 = Release|Any CPU
		{AB1A937A-86B7-4AEA-9CEB-D3B79723A0CA}.Release|x64.ActiveCfg = Release|Any CPU
		{AB1A937A-86B7-4AEA-9CEB-D3B79723A0CA}.Release|x64.Build.0 = Release|Any CPU
		{AB1A937A-86B7-4AEA-9CEB-D3B79723A0CA}.Release|x86.ActiveCfg = Release|Any CPU
		{AB1A937A-86B7-4AEA-9CEB-D3B79723A0CA}.Release|x86.Build.0 = Release|Any CPU
		{D56F906D-69C7-49C9-9F33-0F4152531B60}.Debug|Any CPU.ActiveCfg = Debug|Any CPU
		{D56F906D-69C7-49C9-9F33-0F4152531B60}.Debug|Any CPU.Build.0 = Debug|Any CPU
		{D56F906D-69C7-49C9-9F33-0F4152531B60}.Debug|x64.ActiveCfg = Debug|Any CPU
		{D56F906D-69C7-49C9-9F33-0F4152531B60}.Debug|x64.Build.0 = Debug|Any CPU
		{D56F906D-69C7-49C9-9F33-0F4152531B60}.Debug|x86.ActiveCfg = Debug|Any CPU
		{D56F906D-69C7-49C9-9F33-0F4152531B60}.Debug|x86.Build.0 = Debug|Any CPU
		{D56F906D-69C7-49C9-9F33-0F4152531B60}.Release|Any CPU.ActiveCfg = Release|Any CPU
		{D56F906D-69C7-49C9-9F33-0F4152531B60}.Release|Any CPU.Build.0 = Release|Any CPU
		{D56F906D-69C7-49C9-9F33-0F4152531B60}.Release|x64.ActiveCfg = Release|Any CPU
		{D56F906D-69C7-49C9-9F33-0F4152531B60}.Release|x64.Build.0 = Release|Any CPU
		{D56F906D-69C7-49C9-9F33-0F4152531B60}.Release|x86.ActiveCfg = Release|Any CPU
		{D56F906D-69C7-49C9-9F33-0F4152531B60}.Release|x86.Build.0 = Release|Any CPU
		{BA6C30C9-5CC8-406C-A935-344BE3515F34}.Debug|Any CPU.ActiveCfg = Debug|Any CPU
		{BA6C30C9-5CC8-406C-A935-344BE3515F34}.Debug|Any CPU.Build.0 = Debug|Any CPU
		{BA6C30C9-5CC8-406C-A935-344BE3515F34}.Debug|x64.ActiveCfg = Debug|Any CPU
		{BA6C30C9-5CC8-406C-A935-344BE3515F34}.Debug|x64.Build.0 = Debug|Any CPU
		{BA6C30C9-5CC8-406C-A935-344BE3515F34}.Debug|x86.ActiveCfg = Debug|Any CPU
		{BA6C30C9-5CC8-406C-A935-344BE3515F34}.Debug|x86.Build.0 = Debug|Any CPU
		{BA6C30C9-5CC8-406C-A935-344BE3515F34}.Release|Any CPU.ActiveCfg = Release|Any CPU
		{BA6C30C9-5CC8-406C-A935-344BE3515F34}.Release|Any CPU.Build.0 = Release|Any CPU
		{BA6C30C9-5CC8-406C-A935-344BE3515F34}.Release|x64.ActiveCfg = Release|Any CPU
		{BA6C30C9-5CC8-406C-A935-344BE3515F34}.Release|x64.Build.0 = Release|Any CPU
		{BA6C30C9-5CC8-406C-A935-344BE3515F34}.Release|x86.ActiveCfg = Release|Any CPU
		{BA6C30C9-5CC8-406C-A935-344BE3515F34}.Release|x86.Build.0 = Release|Any CPU
		{71209AC6-C6D1-47B6-A334-E386D86BCBA0}.Debug|Any CPU.ActiveCfg = Debug|Any CPU
		{71209AC6-C6D1-47B6-A334-E386D86BCBA0}.Debug|Any CPU.Build.0 = Debug|Any CPU
		{71209AC6-C6D1-47B6-A334-E386D86BCBA0}.Debug|x64.ActiveCfg = Debug|Any CPU
		{71209AC6-C6D1-47B6-A334-E386D86BCBA0}.Debug|x64.Build.0 = Debug|Any CPU
		{71209AC6-C6D1-47B6-A334-E386D86BCBA0}.Debug|x86.ActiveCfg = Debug|Any CPU
		{71209AC6-C6D1-47B6-A334-E386D86BCBA0}.Debug|x86.Build.0 = Debug|Any CPU
		{71209AC6-C6D1-47B6-A334-E386D86BCBA0}.Release|Any CPU.ActiveCfg = Release|Any CPU
		{71209AC6-C6D1-47B6-A334-E386D86BCBA0}.Release|Any CPU.Build.0 = Release|Any CPU
		{71209AC6-C6D1-47B6-A334-E386D86BCBA0}.Release|x64.ActiveCfg = Release|Any CPU
		{71209AC6-C6D1-47B6-A334-E386D86BCBA0}.Release|x64.Build.0 = Release|Any CPU
		{71209AC6-C6D1-47B6-A334-E386D86BCBA0}.Release|x86.ActiveCfg = Release|Any CPU
		{71209AC6-C6D1-47B6-A334-E386D86BCBA0}.Release|x86.Build.0 = Release|Any CPU
		{8D1BD181-A7AD-4D3C-8824-860A0312F546}.Debug|Any CPU.ActiveCfg = Debug|Any CPU
		{8D1BD181-A7AD-4D3C-8824-860A0312F546}.Debug|Any CPU.Build.0 = Debug|Any CPU
		{8D1BD181-A7AD-4D3C-8824-860A0312F546}.Debug|x64.ActiveCfg = Debug|Any CPU
		{8D1BD181-A7AD-4D3C-8824-860A0312F546}.Debug|x64.Build.0 = Debug|Any CPU
		{8D1BD181-A7AD-4D3C-8824-860A0312F546}.Debug|x86.ActiveCfg = Debug|Any CPU
		{8D1BD181-A7AD-4D3C-8824-860A0312F546}.Debug|x86.Build.0 = Debug|Any CPU
		{8D1BD181-A7AD-4D3C-8824-860A0312F546}.Release|Any CPU.ActiveCfg = Release|Any CPU
		{8D1BD181-A7AD-4D3C-8824-860A0312F546}.Release|Any CPU.Build.0 = Release|Any CPU
		{8D1BD181-A7AD-4D3C-8824-860A0312F546}.Release|x64.ActiveCfg = Release|Any CPU
		{8D1BD181-A7AD-4D3C-8824-860A0312F546}.Release|x64.Build.0 = Release|Any CPU
		{8D1BD181-A7AD-4D3C-8824-860A0312F546}.Release|x86.ActiveCfg = Release|Any CPU
		{8D1BD181-A7AD-4D3C-8824-860A0312F546}.Release|x86.Build.0 = Release|Any CPU
		{D100B531-2694-4581-B724-A3DBD8389BF4}.Debug|Any CPU.ActiveCfg = Debug|Any CPU
		{D100B531-2694-4581-B724-A3DBD8389BF4}.Debug|Any CPU.Build.0 = Debug|Any CPU
		{D100B531-2694-4581-B724-A3DBD8389BF4}.Debug|x64.ActiveCfg = Debug|Any CPU
		{D100B531-2694-4581-B724-A3DBD8389BF4}.Debug|x64.Build.0 = Debug|Any CPU
		{D100B531-2694-4581-B724-A3DBD8389BF4}.Debug|x86.ActiveCfg = Debug|Any CPU
		{D100B531-2694-4581-B724-A3DBD8389BF4}.Debug|x86.Build.0 = Debug|Any CPU
		{D100B531-2694-4581-B724-A3DBD8389BF4}.Release|Any CPU.ActiveCfg = Release|Any CPU
		{D100B531-2694-4581-B724-A3DBD8389BF4}.Release|Any CPU.Build.0 = Release|Any CPU
		{D100B531-2694-4581-B724-A3DBD8389BF4}.Release|x64.ActiveCfg = Release|Any CPU
		{D100B531-2694-4581-B724-A3DBD8389BF4}.Release|x64.Build.0 = Release|Any CPU
		{D100B531-2694-4581-B724-A3DBD8389BF4}.Release|x86.ActiveCfg = Release|Any CPU
		{D100B531-2694-4581-B724-A3DBD8389BF4}.Release|x86.Build.0 = Release|Any CPU
		{92C07901-F72E-4BE6-A877-3ACDF58B17A3}.Debug|Any CPU.ActiveCfg = Debug|Any CPU
		{92C07901-F72E-4BE6-A877-3ACDF58B17A3}.Debug|Any CPU.Build.0 = Debug|Any CPU
		{92C07901-F72E-4BE6-A877-3ACDF58B17A3}.Debug|x64.ActiveCfg = Debug|Any CPU
		{92C07901-F72E-4BE6-A877-3ACDF58B17A3}.Debug|x64.Build.0 = Debug|Any CPU
		{92C07901-F72E-4BE6-A877-3ACDF58B17A3}.Debug|x86.ActiveCfg = Debug|Any CPU
		{92C07901-F72E-4BE6-A877-3ACDF58B17A3}.Debug|x86.Build.0 = Debug|Any CPU
		{92C07901-F72E-4BE6-A877-3ACDF58B17A3}.Release|Any CPU.ActiveCfg = Release|Any CPU
		{92C07901-F72E-4BE6-A877-3ACDF58B17A3}.Release|Any CPU.Build.0 = Release|Any CPU
		{92C07901-F72E-4BE6-A877-3ACDF58B17A3}.Release|x64.ActiveCfg = Release|Any CPU
		{92C07901-F72E-4BE6-A877-3ACDF58B17A3}.Release|x64.Build.0 = Release|Any CPU
		{92C07901-F72E-4BE6-A877-3ACDF58B17A3}.Release|x86.ActiveCfg = Release|Any CPU
		{92C07901-F72E-4BE6-A877-3ACDF58B17A3}.Release|x86.Build.0 = Release|Any CPU
		{C2868FB8-1FD7-4F76-A5D6-64AFA821B42C}.Debug|Any CPU.ActiveCfg = Debug|Any CPU
		{C2868FB8-1FD7-4F76-A5D6-64AFA821B42C}.Debug|Any CPU.Build.0 = Debug|Any CPU
		{C2868FB8-1FD7-4F76-A5D6-64AFA821B42C}.Debug|x64.ActiveCfg = Debug|Any CPU
		{C2868FB8-1FD7-4F76-A5D6-64AFA821B42C}.Debug|x64.Build.0 = Debug|Any CPU
		{C2868FB8-1FD7-4F76-A5D6-64AFA821B42C}.Debug|x86.ActiveCfg = Debug|Any CPU
		{C2868FB8-1FD7-4F76-A5D6-64AFA821B42C}.Debug|x86.Build.0 = Debug|Any CPU
		{C2868FB8-1FD7-4F76-A5D6-64AFA821B42C}.Release|Any CPU.ActiveCfg = Release|Any CPU
		{C2868FB8-1FD7-4F76-A5D6-64AFA821B42C}.Release|Any CPU.Build.0 = Release|Any CPU
		{C2868FB8-1FD7-4F76-A5D6-64AFA821B42C}.Release|x64.ActiveCfg = Release|Any CPU
		{C2868FB8-1FD7-4F76-A5D6-64AFA821B42C}.Release|x64.Build.0 = Release|Any CPU
		{C2868FB8-1FD7-4F76-A5D6-64AFA821B42C}.Release|x86.ActiveCfg = Release|Any CPU
		{C2868FB8-1FD7-4F76-A5D6-64AFA821B42C}.Release|x86.Build.0 = Release|Any CPU
		{8F8102E0-45E1-45A9-947E-8AE571ADF049}.Debug|Any CPU.ActiveCfg = Debug|Any CPU
		{8F8102E0-45E1-45A9-947E-8AE571ADF049}.Debug|Any CPU.Build.0 = Debug|Any CPU
		{8F8102E0-45E1-45A9-947E-8AE571ADF049}.Debug|x64.ActiveCfg = Debug|Any CPU
		{8F8102E0-45E1-45A9-947E-8AE571ADF049}.Debug|x64.Build.0 = Debug|Any CPU
		{8F8102E0-45E1-45A9-947E-8AE571ADF049}.Debug|x86.ActiveCfg = Debug|Any CPU
		{8F8102E0-45E1-45A9-947E-8AE571ADF049}.Debug|x86.Build.0 = Debug|Any CPU
		{8F8102E0-45E1-45A9-947E-8AE571ADF049}.Release|Any CPU.ActiveCfg = Release|Any CPU
		{8F8102E0-45E1-45A9-947E-8AE571ADF049}.Release|Any CPU.Build.0 = Release|Any CPU
		{8F8102E0-45E1-45A9-947E-8AE571ADF049}.Release|x64.ActiveCfg = Release|Any CPU
		{8F8102E0-45E1-45A9-947E-8AE571ADF049}.Release|x64.Build.0 = Release|Any CPU
		{8F8102E0-45E1-45A9-947E-8AE571ADF049}.Release|x86.ActiveCfg = Release|Any CPU
		{8F8102E0-45E1-45A9-947E-8AE571ADF049}.Release|x86.Build.0 = Release|Any CPU
		{DBEC14FD-09D6-404C-97BC-C7C8247B9C20}.Debug|Any CPU.ActiveCfg = Debug|Any CPU
		{DBEC14FD-09D6-404C-97BC-C7C8247B9C20}.Debug|Any CPU.Build.0 = Debug|Any CPU
		{DBEC14FD-09D6-404C-97BC-C7C8247B9C20}.Debug|x64.ActiveCfg = Debug|Any CPU
		{DBEC14FD-09D6-404C-97BC-C7C8247B9C20}.Debug|x64.Build.0 = Debug|Any CPU
		{DBEC14FD-09D6-404C-97BC-C7C8247B9C20}.Debug|x86.ActiveCfg = Debug|Any CPU
		{DBEC14FD-09D6-404C-97BC-C7C8247B9C20}.Debug|x86.Build.0 = Debug|Any CPU
		{DBEC14FD-09D6-404C-97BC-C7C8247B9C20}.Release|Any CPU.ActiveCfg = Release|Any CPU
		{DBEC14FD-09D6-404C-97BC-C7C8247B9C20}.Release|Any CPU.Build.0 = Release|Any CPU
		{DBEC14FD-09D6-404C-97BC-C7C8247B9C20}.Release|x64.ActiveCfg = Release|Any CPU
		{DBEC14FD-09D6-404C-97BC-C7C8247B9C20}.Release|x64.Build.0 = Release|Any CPU
		{DBEC14FD-09D6-404C-97BC-C7C8247B9C20}.Release|x86.ActiveCfg = Release|Any CPU
		{DBEC14FD-09D6-404C-97BC-C7C8247B9C20}.Release|x86.Build.0 = Release|Any CPU
		{CFFC4318-FC98-4549-8409-FF59C30DC8DA}.Debug|Any CPU.ActiveCfg = Debug|Any CPU
		{CFFC4318-FC98-4549-8409-FF59C30DC8DA}.Debug|Any CPU.Build.0 = Debug|Any CPU
		{CFFC4318-FC98-4549-8409-FF59C30DC8DA}.Debug|x64.ActiveCfg = Debug|Any CPU
		{CFFC4318-FC98-4549-8409-FF59C30DC8DA}.Debug|x64.Build.0 = Debug|Any CPU
		{CFFC4318-FC98-4549-8409-FF59C30DC8DA}.Debug|x86.ActiveCfg = Debug|Any CPU
		{CFFC4318-FC98-4549-8409-FF59C30DC8DA}.Debug|x86.Build.0 = Debug|Any CPU
		{CFFC4318-FC98-4549-8409-FF59C30DC8DA}.Release|Any CPU.ActiveCfg = Release|Any CPU
		{CFFC4318-FC98-4549-8409-FF59C30DC8DA}.Release|Any CPU.Build.0 = Release|Any CPU
		{CFFC4318-FC98-4549-8409-FF59C30DC8DA}.Release|x64.ActiveCfg = Release|Any CPU
		{CFFC4318-FC98-4549-8409-FF59C30DC8DA}.Release|x64.Build.0 = Release|Any CPU
		{CFFC4318-FC98-4549-8409-FF59C30DC8DA}.Release|x86.ActiveCfg = Release|Any CPU
		{CFFC4318-FC98-4549-8409-FF59C30DC8DA}.Release|x86.Build.0 = Release|Any CPU
		{D9B2459F-8607-44F6-9F52-03170A418820}.Debug|Any CPU.ActiveCfg = Debug|Any CPU
		{D9B2459F-8607-44F6-9F52-03170A418820}.Debug|Any CPU.Build.0 = Debug|Any CPU
		{D9B2459F-8607-44F6-9F52-03170A418820}.Debug|x64.ActiveCfg = Debug|Any CPU
		{D9B2459F-8607-44F6-9F52-03170A418820}.Debug|x64.Build.0 = Debug|Any CPU
		{D9B2459F-8607-44F6-9F52-03170A418820}.Debug|x86.ActiveCfg = Debug|Any CPU
		{D9B2459F-8607-44F6-9F52-03170A418820}.Debug|x86.Build.0 = Debug|Any CPU
		{D9B2459F-8607-44F6-9F52-03170A418820}.Release|Any CPU.ActiveCfg = Release|Any CPU
		{D9B2459F-8607-44F6-9F52-03170A418820}.Release|Any CPU.Build.0 = Release|Any CPU
		{D9B2459F-8607-44F6-9F52-03170A418820}.Release|x64.ActiveCfg = Release|Any CPU
		{D9B2459F-8607-44F6-9F52-03170A418820}.Release|x64.Build.0 = Release|Any CPU
		{D9B2459F-8607-44F6-9F52-03170A418820}.Release|x86.ActiveCfg = Release|Any CPU
		{D9B2459F-8607-44F6-9F52-03170A418820}.Release|x86.Build.0 = Release|Any CPU
		{86AC2371-FAE6-4777-8027-C9DA4E8870F6}.Debug|Any CPU.ActiveCfg = Debug|Any CPU
		{86AC2371-FAE6-4777-8027-C9DA4E8870F6}.Debug|Any CPU.Build.0 = Debug|Any CPU
		{86AC2371-FAE6-4777-8027-C9DA4E8870F6}.Debug|x64.ActiveCfg = Debug|Any CPU
		{86AC2371-FAE6-4777-8027-C9DA4E8870F6}.Debug|x64.Build.0 = Debug|Any CPU
		{86AC2371-FAE6-4777-8027-C9DA4E8870F6}.Debug|x86.ActiveCfg = Debug|Any CPU
		{86AC2371-FAE6-4777-8027-C9DA4E8870F6}.Debug|x86.Build.0 = Debug|Any CPU
		{86AC2371-FAE6-4777-8027-C9DA4E8870F6}.Release|Any CPU.ActiveCfg = Release|Any CPU
		{86AC2371-FAE6-4777-8027-C9DA4E8870F6}.Release|Any CPU.Build.0 = Release|Any CPU
		{86AC2371-FAE6-4777-8027-C9DA4E8870F6}.Release|x64.ActiveCfg = Release|Any CPU
		{86AC2371-FAE6-4777-8027-C9DA4E8870F6}.Release|x64.Build.0 = Release|Any CPU
		{86AC2371-FAE6-4777-8027-C9DA4E8870F6}.Release|x86.ActiveCfg = Release|Any CPU
		{86AC2371-FAE6-4777-8027-C9DA4E8870F6}.Release|x86.Build.0 = Release|Any CPU
		{F41ACA3A-8D77-45E9-B1EF-721F8E018F6E}.Debug|Any CPU.ActiveCfg = Debug|Any CPU
		{F41ACA3A-8D77-45E9-B1EF-721F8E018F6E}.Debug|Any CPU.Build.0 = Debug|Any CPU
		{F41ACA3A-8D77-45E9-B1EF-721F8E018F6E}.Debug|x64.ActiveCfg = Debug|Any CPU
		{F41ACA3A-8D77-45E9-B1EF-721F8E018F6E}.Debug|x64.Build.0 = Debug|Any CPU
		{F41ACA3A-8D77-45E9-B1EF-721F8E018F6E}.Debug|x86.ActiveCfg = Debug|Any CPU
		{F41ACA3A-8D77-45E9-B1EF-721F8E018F6E}.Debug|x86.Build.0 = Debug|Any CPU
		{F41ACA3A-8D77-45E9-B1EF-721F8E018F6E}.Release|Any CPU.ActiveCfg = Release|Any CPU
		{F41ACA3A-8D77-45E9-B1EF-721F8E018F6E}.Release|Any CPU.Build.0 = Release|Any CPU
		{F41ACA3A-8D77-45E9-B1EF-721F8E018F6E}.Release|x64.ActiveCfg = Release|Any CPU
		{F41ACA3A-8D77-45E9-B1EF-721F8E018F6E}.Release|x64.Build.0 = Release|Any CPU
		{F41ACA3A-8D77-45E9-B1EF-721F8E018F6E}.Release|x86.ActiveCfg = Release|Any CPU
		{F41ACA3A-8D77-45E9-B1EF-721F8E018F6E}.Release|x86.Build.0 = Release|Any CPU
		{90F12633-F63F-4059-98D8-4015536D3A15}.Debug|Any CPU.ActiveCfg = Debug|Any CPU
		{90F12633-F63F-4059-98D8-4015536D3A15}.Debug|Any CPU.Build.0 = Debug|Any CPU
		{90F12633-F63F-4059-98D8-4015536D3A15}.Debug|x64.ActiveCfg = Debug|Any CPU
		{90F12633-F63F-4059-98D8-4015536D3A15}.Debug|x64.Build.0 = Debug|Any CPU
		{90F12633-F63F-4059-98D8-4015536D3A15}.Debug|x86.ActiveCfg = Debug|Any CPU
		{90F12633-F63F-4059-98D8-4015536D3A15}.Debug|x86.Build.0 = Debug|Any CPU
		{90F12633-F63F-4059-98D8-4015536D3A15}.Release|Any CPU.ActiveCfg = Release|Any CPU
		{90F12633-F63F-4059-98D8-4015536D3A15}.Release|Any CPU.Build.0 = Release|Any CPU
		{90F12633-F63F-4059-98D8-4015536D3A15}.Release|x64.ActiveCfg = Release|Any CPU
		{90F12633-F63F-4059-98D8-4015536D3A15}.Release|x64.Build.0 = Release|Any CPU
		{90F12633-F63F-4059-98D8-4015536D3A15}.Release|x86.ActiveCfg = Release|Any CPU
		{90F12633-F63F-4059-98D8-4015536D3A15}.Release|x86.Build.0 = Release|Any CPU
		{120F1743-842B-42E4-A587-C629239CA07A}.Debug|Any CPU.ActiveCfg = Debug|Any CPU
		{120F1743-842B-42E4-A587-C629239CA07A}.Debug|Any CPU.Build.0 = Debug|Any CPU
		{120F1743-842B-42E4-A587-C629239CA07A}.Debug|x64.ActiveCfg = Debug|Any CPU
		{120F1743-842B-42E4-A587-C629239CA07A}.Debug|x64.Build.0 = Debug|Any CPU
		{120F1743-842B-42E4-A587-C629239CA07A}.Debug|x86.ActiveCfg = Debug|Any CPU
		{120F1743-842B-42E4-A587-C629239CA07A}.Debug|x86.Build.0 = Debug|Any CPU
		{120F1743-842B-42E4-A587-C629239CA07A}.Release|Any CPU.ActiveCfg = Release|Any CPU
		{120F1743-842B-42E4-A587-C629239CA07A}.Release|Any CPU.Build.0 = Release|Any CPU
		{120F1743-842B-42E4-A587-C629239CA07A}.Release|x64.ActiveCfg = Release|Any CPU
		{120F1743-842B-42E4-A587-C629239CA07A}.Release|x64.Build.0 = Release|Any CPU
		{120F1743-842B-42E4-A587-C629239CA07A}.Release|x86.ActiveCfg = Release|Any CPU
		{120F1743-842B-42E4-A587-C629239CA07A}.Release|x86.Build.0 = Release|Any CPU
		{F7E0AC8B-E4C9-479B-A065-7BB1721345FE}.Debug|Any CPU.ActiveCfg = Debug|Any CPU
		{F7E0AC8B-E4C9-479B-A065-7BB1721345FE}.Debug|Any CPU.Build.0 = Debug|Any CPU
		{F7E0AC8B-E4C9-479B-A065-7BB1721345FE}.Debug|x64.ActiveCfg = Debug|Any CPU
		{F7E0AC8B-E4C9-479B-A065-7BB1721345FE}.Debug|x64.Build.0 = Debug|Any CPU
		{F7E0AC8B-E4C9-479B-A065-7BB1721345FE}.Debug|x86.ActiveCfg = Debug|Any CPU
		{F7E0AC8B-E4C9-479B-A065-7BB1721345FE}.Debug|x86.Build.0 = Debug|Any CPU
		{F7E0AC8B-E4C9-479B-A065-7BB1721345FE}.Release|Any CPU.ActiveCfg = Release|Any CPU
		{F7E0AC8B-E4C9-479B-A065-7BB1721345FE}.Release|Any CPU.Build.0 = Release|Any CPU
		{F7E0AC8B-E4C9-479B-A065-7BB1721345FE}.Release|x64.ActiveCfg = Release|Any CPU
		{F7E0AC8B-E4C9-479B-A065-7BB1721345FE}.Release|x64.Build.0 = Release|Any CPU
		{F7E0AC8B-E4C9-479B-A065-7BB1721345FE}.Release|x86.ActiveCfg = Release|Any CPU
		{F7E0AC8B-E4C9-479B-A065-7BB1721345FE}.Release|x86.Build.0 = Release|Any CPU
		{848D6DB8-5826-428F-BAD2-F324C53EF49A}.Debug|Any CPU.ActiveCfg = Debug|Any CPU
		{848D6DB8-5826-428F-BAD2-F324C53EF49A}.Debug|Any CPU.Build.0 = Debug|Any CPU
		{848D6DB8-5826-428F-BAD2-F324C53EF49A}.Debug|x64.ActiveCfg = Debug|Any CPU
		{848D6DB8-5826-428F-BAD2-F324C53EF49A}.Debug|x64.Build.0 = Debug|Any CPU
		{848D6DB8-5826-428F-BAD2-F324C53EF49A}.Debug|x86.ActiveCfg = Debug|Any CPU
		{848D6DB8-5826-428F-BAD2-F324C53EF49A}.Debug|x86.Build.0 = Debug|Any CPU
		{848D6DB8-5826-428F-BAD2-F324C53EF49A}.Release|Any CPU.ActiveCfg = Release|Any CPU
		{848D6DB8-5826-428F-BAD2-F324C53EF49A}.Release|Any CPU.Build.0 = Release|Any CPU
		{848D6DB8-5826-428F-BAD2-F324C53EF49A}.Release|x64.ActiveCfg = Release|Any CPU
		{848D6DB8-5826-428F-BAD2-F324C53EF49A}.Release|x64.Build.0 = Release|Any CPU
		{848D6DB8-5826-428F-BAD2-F324C53EF49A}.Release|x86.ActiveCfg = Release|Any CPU
		{848D6DB8-5826-428F-BAD2-F324C53EF49A}.Release|x86.Build.0 = Release|Any CPU
		{C87296EE-9D22-451C-AD74-89DA19D37C4E}.Debug|Any CPU.ActiveCfg = Debug|Any CPU
		{C87296EE-9D22-451C-AD74-89DA19D37C4E}.Debug|Any CPU.Build.0 = Debug|Any CPU
		{C87296EE-9D22-451C-AD74-89DA19D37C4E}.Debug|x64.ActiveCfg = Debug|Any CPU
		{C87296EE-9D22-451C-AD74-89DA19D37C4E}.Debug|x64.Build.0 = Debug|Any CPU
		{C87296EE-9D22-451C-AD74-89DA19D37C4E}.Debug|x86.ActiveCfg = Debug|Any CPU
		{C87296EE-9D22-451C-AD74-89DA19D37C4E}.Debug|x86.Build.0 = Debug|Any CPU
		{C87296EE-9D22-451C-AD74-89DA19D37C4E}.Release|Any CPU.ActiveCfg = Release|Any CPU
		{C87296EE-9D22-451C-AD74-89DA19D37C4E}.Release|Any CPU.Build.0 = Release|Any CPU
		{C87296EE-9D22-451C-AD74-89DA19D37C4E}.Release|x64.ActiveCfg = Release|Any CPU
		{C87296EE-9D22-451C-AD74-89DA19D37C4E}.Release|x64.Build.0 = Release|Any CPU
		{C87296EE-9D22-451C-AD74-89DA19D37C4E}.Release|x86.ActiveCfg = Release|Any CPU
		{C87296EE-9D22-451C-AD74-89DA19D37C4E}.Release|x86.Build.0 = Release|Any CPU
		{C33B0459-1906-441E-A04D-BAA0539306A5}.Debug|Any CPU.ActiveCfg = Debug|Any CPU
		{C33B0459-1906-441E-A04D-BAA0539306A5}.Debug|Any CPU.Build.0 = Debug|Any CPU
		{C33B0459-1906-441E-A04D-BAA0539306A5}.Debug|x64.ActiveCfg = Debug|Any CPU
		{C33B0459-1906-441E-A04D-BAA0539306A5}.Debug|x64.Build.0 = Debug|Any CPU
		{C33B0459-1906-441E-A04D-BAA0539306A5}.Debug|x86.ActiveCfg = Debug|Any CPU
		{C33B0459-1906-441E-A04D-BAA0539306A5}.Debug|x86.Build.0 = Debug|Any CPU
		{C33B0459-1906-441E-A04D-BAA0539306A5}.Release|Any CPU.ActiveCfg = Release|Any CPU
		{C33B0459-1906-441E-A04D-BAA0539306A5}.Release|Any CPU.Build.0 = Release|Any CPU
		{C33B0459-1906-441E-A04D-BAA0539306A5}.Release|x64.ActiveCfg = Release|Any CPU
		{C33B0459-1906-441E-A04D-BAA0539306A5}.Release|x64.Build.0 = Release|Any CPU
		{C33B0459-1906-441E-A04D-BAA0539306A5}.Release|x86.ActiveCfg = Release|Any CPU
		{C33B0459-1906-441E-A04D-BAA0539306A5}.Release|x86.Build.0 = Release|Any CPU
		{399DB4D8-05F0-484B-AE1C-D52FF33DB6BB}.Debug|Any CPU.ActiveCfg = Debug|Any CPU
		{399DB4D8-05F0-484B-AE1C-D52FF33DB6BB}.Debug|Any CPU.Build.0 = Debug|Any CPU
		{399DB4D8-05F0-484B-AE1C-D52FF33DB6BB}.Debug|x64.ActiveCfg = Debug|Any CPU
		{399DB4D8-05F0-484B-AE1C-D52FF33DB6BB}.Debug|x64.Build.0 = Debug|Any CPU
		{399DB4D8-05F0-484B-AE1C-D52FF33DB6BB}.Debug|x86.ActiveCfg = Debug|Any CPU
		{399DB4D8-05F0-484B-AE1C-D52FF33DB6BB}.Debug|x86.Build.0 = Debug|Any CPU
		{399DB4D8-05F0-484B-AE1C-D52FF33DB6BB}.Release|Any CPU.ActiveCfg = Release|Any CPU
		{399DB4D8-05F0-484B-AE1C-D52FF33DB6BB}.Release|Any CPU.Build.0 = Release|Any CPU
		{399DB4D8-05F0-484B-AE1C-D52FF33DB6BB}.Release|x64.ActiveCfg = Release|Any CPU
		{399DB4D8-05F0-484B-AE1C-D52FF33DB6BB}.Release|x64.Build.0 = Release|Any CPU
		{399DB4D8-05F0-484B-AE1C-D52FF33DB6BB}.Release|x86.ActiveCfg = Release|Any CPU
		{399DB4D8-05F0-484B-AE1C-D52FF33DB6BB}.Release|x86.Build.0 = Release|Any CPU
		{C122B257-EA60-4CC8-850E-84A3F9411495}.Debug|Any CPU.ActiveCfg = Debug|Any CPU
		{C122B257-EA60-4CC8-850E-84A3F9411495}.Debug|Any CPU.Build.0 = Debug|Any CPU
		{C122B257-EA60-4CC8-850E-84A3F9411495}.Debug|x64.ActiveCfg = Debug|Any CPU
		{C122B257-EA60-4CC8-850E-84A3F9411495}.Debug|x64.Build.0 = Debug|Any CPU
		{C122B257-EA60-4CC8-850E-84A3F9411495}.Debug|x86.ActiveCfg = Debug|Any CPU
		{C122B257-EA60-4CC8-850E-84A3F9411495}.Debug|x86.Build.0 = Debug|Any CPU
		{C122B257-EA60-4CC8-850E-84A3F9411495}.Release|Any CPU.ActiveCfg = Release|Any CPU
		{C122B257-EA60-4CC8-850E-84A3F9411495}.Release|Any CPU.Build.0 = Release|Any CPU
		{C122B257-EA60-4CC8-850E-84A3F9411495}.Release|x64.ActiveCfg = Release|Any CPU
		{C122B257-EA60-4CC8-850E-84A3F9411495}.Release|x64.Build.0 = Release|Any CPU
		{C122B257-EA60-4CC8-850E-84A3F9411495}.Release|x86.ActiveCfg = Release|Any CPU
		{C122B257-EA60-4CC8-850E-84A3F9411495}.Release|x86.Build.0 = Release|Any CPU
		{FFEC674B-DF65-46DC-9575-1927CEFA2B0D}.Debug|Any CPU.ActiveCfg = Debug|Any CPU
		{FFEC674B-DF65-46DC-9575-1927CEFA2B0D}.Debug|Any CPU.Build.0 = Debug|Any CPU
		{FFEC674B-DF65-46DC-9575-1927CEFA2B0D}.Debug|x64.ActiveCfg = Debug|Any CPU
		{FFEC674B-DF65-46DC-9575-1927CEFA2B0D}.Debug|x64.Build.0 = Debug|Any CPU
		{FFEC674B-DF65-46DC-9575-1927CEFA2B0D}.Debug|x86.ActiveCfg = Debug|Any CPU
		{FFEC674B-DF65-46DC-9575-1927CEFA2B0D}.Debug|x86.Build.0 = Debug|Any CPU
		{FFEC674B-DF65-46DC-9575-1927CEFA2B0D}.Release|Any CPU.ActiveCfg = Release|Any CPU
		{FFEC674B-DF65-46DC-9575-1927CEFA2B0D}.Release|Any CPU.Build.0 = Release|Any CPU
		{FFEC674B-DF65-46DC-9575-1927CEFA2B0D}.Release|x64.ActiveCfg = Release|Any CPU
		{FFEC674B-DF65-46DC-9575-1927CEFA2B0D}.Release|x64.Build.0 = Release|Any CPU
		{FFEC674B-DF65-46DC-9575-1927CEFA2B0D}.Release|x86.ActiveCfg = Release|Any CPU
		{FFEC674B-DF65-46DC-9575-1927CEFA2B0D}.Release|x86.Build.0 = Release|Any CPU
		{6F42F8DE-1BF6-4932-8F00-FB0CB52DA5BF}.Debug|Any CPU.ActiveCfg = Debug|Any CPU
		{6F42F8DE-1BF6-4932-8F00-FB0CB52DA5BF}.Debug|Any CPU.Build.0 = Debug|Any CPU
		{6F42F8DE-1BF6-4932-8F00-FB0CB52DA5BF}.Debug|x64.ActiveCfg = Debug|Any CPU
		{6F42F8DE-1BF6-4932-8F00-FB0CB52DA5BF}.Debug|x64.Build.0 = Debug|Any CPU
		{6F42F8DE-1BF6-4932-8F00-FB0CB52DA5BF}.Debug|x86.ActiveCfg = Debug|Any CPU
		{6F42F8DE-1BF6-4932-8F00-FB0CB52DA5BF}.Debug|x86.Build.0 = Debug|Any CPU
		{6F42F8DE-1BF6-4932-8F00-FB0CB52DA5BF}.Release|Any CPU.ActiveCfg = Release|Any CPU
		{6F42F8DE-1BF6-4932-8F00-FB0CB52DA5BF}.Release|Any CPU.Build.0 = Release|Any CPU
		{6F42F8DE-1BF6-4932-8F00-FB0CB52DA5BF}.Release|x64.ActiveCfg = Release|Any CPU
		{6F42F8DE-1BF6-4932-8F00-FB0CB52DA5BF}.Release|x64.Build.0 = Release|Any CPU
		{6F42F8DE-1BF6-4932-8F00-FB0CB52DA5BF}.Release|x86.ActiveCfg = Release|Any CPU
		{6F42F8DE-1BF6-4932-8F00-FB0CB52DA5BF}.Release|x86.Build.0 = Release|Any CPU
	EndGlobalSection
	GlobalSection(SolutionProperties) = preSolution
		HideSolutionNode = FALSE
	EndGlobalSection
	GlobalSection(NestedProjects) = preSolution
		{8D626EA8-CB54-BC41-363A-217881BEBA6E} = {827E0CD3-B72D-47B6-A68D-7590B98EB39B}
		{74170F2A-51DB-46AA-9663-BDDEEF9B4C48} = {8D626EA8-CB54-BC41-363A-217881BEBA6E}
		{581C1AFC-A79E-7578-3E64-521365DC72E1} = {827E0CD3-B72D-47B6-A68D-7590B98EB39B}
		{AB1A937A-86B7-4AEA-9CEB-D3B79723A0CA} = {581C1AFC-A79E-7578-3E64-521365DC72E1}
		{90169FD9-C04C-CFD8-4C78-4B398A3E5663} = {827E0CD3-B72D-47B6-A68D-7590B98EB39B}
		{D56F906D-69C7-49C9-9F33-0F4152531B60} = {90169FD9-C04C-CFD8-4C78-4B398A3E5663}
		{1AB6002E-85EB-C75A-9828-95B8B8565E80} = {827E0CD3-B72D-47B6-A68D-7590B98EB39B}
		{BA6C30C9-5CC8-406C-A935-344BE3515F34} = {1AB6002E-85EB-C75A-9828-95B8B8565E80}
		{AAA092DB-504E-ED76-ABFC-4AE22683804D} = {827E0CD3-B72D-47B6-A68D-7590B98EB39B}
		{71209AC6-C6D1-47B6-A334-E386D86BCBA0} = {AAA092DB-504E-ED76-ABFC-4AE22683804D}
		{8A7AE5EB-F441-8BF0-192B-8DD8284C2972} = {827E0CD3-B72D-47B6-A68D-7590B98EB39B}
		{8D1BD181-A7AD-4D3C-8824-860A0312F546} = {8A7AE5EB-F441-8BF0-192B-8DD8284C2972}
		{D100B531-2694-4581-B724-A3DBD8389BF4} = {8A7AE5EB-F441-8BF0-192B-8DD8284C2972}
		{92C07901-F72E-4BE6-A877-3ACDF58B17A3} = {8A7AE5EB-F441-8BF0-192B-8DD8284C2972}
		{C0672DDC-B16F-D231-C4B5-64C737C38FC9} = {827E0CD3-B72D-47B6-A68D-7590B98EB39B}
		{C2868FB8-1FD7-4F76-A5D6-64AFA821B42C} = {C0672DDC-B16F-D231-C4B5-64C737C38FC9}
		{C3703A11-F2BD-45FF-5050-EBFF5A6FD2E2} = {827E0CD3-B72D-47B6-A68D-7590B98EB39B}
		{8F8102E0-45E1-45A9-947E-8AE571ADF049} = {C3703A11-F2BD-45FF-5050-EBFF5A6FD2E2}
		{14B704B6-79C8-2145-F07C-11D4A8509C3B} = {827E0CD3-B72D-47B6-A68D-7590B98EB39B}
		{DBEC14FD-09D6-404C-97BC-C7C8247B9C20} = {14B704B6-79C8-2145-F07C-11D4A8509C3B}
		{CFFC4318-FC98-4549-8409-FF59C30DC8DA} = {14B704B6-79C8-2145-F07C-11D4A8509C3B}
		{D9B2459F-8607-44F6-9F52-03170A418820} = {0AB3BF05-4346-4AA6-1389-037BE0695223}
		{86AC2371-FAE6-4777-8027-C9DA4E8870F6} = {0AB3BF05-4346-4AA6-1389-037BE0695223}
		{F41ACA3A-8D77-45E9-B1EF-721F8E018F6E} = {B36A84DF-456D-A817-6EDD-3EC3E7F6E11F}
		{90F12633-F63F-4059-98D8-4015536D3A15} = {B36A84DF-456D-A817-6EDD-3EC3E7F6E11F}
		{120F1743-842B-42E4-A587-C629239CA07A} = {B36A84DF-456D-A817-6EDD-3EC3E7F6E11F}
		{F7E0AC8B-E4C9-479B-A065-7BB1721345FE} = {C3703A11-F2BD-45FF-5050-EBFF5A6FD2E2}
		{848D6DB8-5826-428F-BAD2-F324C53EF49A} = {C3703A11-F2BD-45FF-5050-EBFF5A6FD2E2}
		{C87296EE-9D22-451C-AD74-89DA19D37C4E} = {C3703A11-F2BD-45FF-5050-EBFF5A6FD2E2}
		{C33B0459-1906-441E-A04D-BAA0539306A5} = {C3703A11-F2BD-45FF-5050-EBFF5A6FD2E2}
		{399DB4D8-05F0-484B-AE1C-D52FF33DB6BB} = {C0672DDC-B16F-D231-C4B5-64C737C38FC9}
		{C122B257-EA60-4CC8-850E-84A3F9411495} = {C0672DDC-B16F-D231-C4B5-64C737C38FC9}
		{FFEC674B-DF65-46DC-9575-1927CEFA2B0D} = {C0672DDC-B16F-D231-C4B5-64C737C38FC9}
		{6F42F8DE-1BF6-4932-8F00-FB0CB52DA5BF} = {C0672DDC-B16F-D231-C4B5-64C737C38FC9}
	EndGlobalSection
EndGlobal
