
Microsoft Visual Studio Solution File, Format Version 12.00
Project("{FAE04EC0-301F-11D3-BF4B-00C04F79EFBC}") = "SetNet", "SetNet\SetNet.csproj", "{50DD9EEC-6D41-4AE1-8A2F-5E855AEB2AFE}"
EndProject
Project("{FAE04EC0-301F-11D3-BF4B-00C04F79EFBC}") = "SetNet.Tests", "SetNet.Tests\SetNet.Tests.csproj", "{00152F89-B941-4E82-8EE8-9FA75EA0F215}"
EndProject
Project("{2150E333-8FDC-42A3-9474-1A3956D46DE8}") = "examples", "examples", "{B36A84DF-456D-A817-6EDD-3EC3E7F6E11F}"
EndProject
Project("{FAE04EC0-301F-11D3-BF4B-00C04F79EFBC}") = "Chat.Shared", "examples\Chat.Shared\Chat.Shared.csproj", "{524F71C7-270F-4047-B389-1241E3CB7B00}"
EndProject
Project("{FAE04EC0-301F-11D3-BF4B-00C04F79EFBC}") = "Chat.Server", "examples\Chat.Server\Chat.Server.csproj", "{84B30F21-E191-4A88-8B1B-B817C0AD0788}"
EndProject
Project("{FAE04EC0-301F-11D3-BF4B-00C04F79EFBC}") = "Chat.Client", "examples\Chat.Client\Chat.Client.csproj", "{AE62C824-698A-47D8-B235-6486E06405BD}"
EndProject
Project("{FAE04EC0-301F-11D3-BF4B-00C04F79EFBC}") = "SetNet.UnitTests", "SetNet.UnitTests\SetNet.UnitTests.csproj", "{7FC70D4D-E8B5-4681-9ECB-F9949FE8E7B6}"
EndProject
Project("{FAE04EC0-301F-11D3-BF4B-00C04F79EFBC}") = "SetNet.MessagePack", "SetNet.MessagePack\SetNet.MessagePack.csproj", "{F3C41A70-024A-4E59-AAFB-98FDB10E1A43}"
EndProject
Project("{FAE04EC0-301F-11D3-BF4B-00C04F79EFBC}") = "SetNet.Rpc", "SetNet.Rpc\SetNet.Rpc.csproj", "{B66A75A0-76D3-4A37-8CDC-F12F082AE8EB}"
EndProject
Project("{FAE04EC0-301F-11D3-BF4B-00C04F79EFBC}") = "SetNet.Auth", "SetNet.Auth\SetNet.Auth.csproj", "{76EE1B81-F416-4140-8C7D-48BBA4A2A961}"
EndProject
Project("{FAE04EC0-301F-11D3-BF4B-00C04F79EFBC}") = "SetNet.Rooms", "SetNet.Rooms\SetNet.Rooms.csproj", "{18D43329-6CD6-40EA-9A3F-5C58ADCAFA07}"
EndProject
Project("{FAE04EC0-301F-11D3-BF4B-00C04F79EFBC}") = "SetNet.Logging.Serilog", "SetNet.Logging.Serilog\SetNet.Logging.Serilog.csproj", "{BD0FA5B4-15DE-49F7-8089-CC7B802C77DD}"
EndProject
Project("{FAE04EC0-301F-11D3-BF4B-00C04F79EFBC}") = "SetNet.RateLimit", "SetNet.RateLimit\SetNet.RateLimit.csproj", "{CB7E5C30-FC3B-4D5F-85E0-AFBADE819C85}"
EndProject
Project("{FAE04EC0-301F-11D3-BF4B-00C04F79EFBC}") = "SetNet.Unity", "SetNet.Unity\SetNet.Unity.csproj", "{F0325957-A272-419F-92C8-D5148F73633E}"
EndProject
Project("{FAE04EC0-301F-11D3-BF4B-00C04F79EFBC}") = "SetNet.WebSockets", "SetNet.WebSockets\SetNet.WebSockets.csproj", "{71154A7C-FA05-4B35-8F7F-65172E5101A4}"
EndProject
Global
	GlobalSection(SolutionConfigurationPlatforms) = preSolution
		Debug|Any CPU = Debug|Any CPU
		Debug|x64 = Debug|x64
		Debug|x86 = Debug|x86
		Release|Any CPU = Release|Any CPU
		Release|x64 = Release|x64
		Release|x86 = Release|x86
	EndGlobalSection
	GlobalSection(ProjectConfigurationPlatforms) = postSolution
		{50DD9EEC-6D41-4AE1-8A2F-5E855AEB2AFE}.Debug|Any CPU.ActiveCfg = Debug|Any CPU
		{50DD9EEC-6D41-4AE1-8A2F-5E855AEB2AFE}.Debug|Any CPU.Build.0 = Debug|Any CPU
		{50DD9EEC-6D41-4AE1-8A2F-5E855AEB2AFE}.Debug|x64.ActiveCfg = Debug|Any CPU
		{50DD9EEC-6D41-4AE1-8A2F-5E855AEB2AFE}.Debug|x64.Build.0 = Debug|Any CPU
		{50DD9EEC-6D41-4AE1-8A2F-5E855AEB2AFE}.Debug|x86.ActiveCfg = Debug|Any CPU
		{50DD9EEC-6D41-4AE1-8A2F-5E855AEB2AFE}.Debug|x86.Build.0 = Debug|Any CPU
		{50DD9EEC-6D41-4AE1-8A2F-5E855AEB2AFE}.Release|Any CPU.ActiveCfg = Release|Any CPU
		{50DD9EEC-6D41-4AE1-8A2F-5E855AEB2AFE}.Release|Any CPU.Build.0 = Release|Any CPU
		{50DD9EEC-6D41-4AE1-8A2F-5E855AEB2AFE}.Release|x64.ActiveCfg = Release|Any CPU
		{50DD9EEC-6D41-4AE1-8A2F-5E855AEB2AFE}.Release|x64.Build.0 = Release|Any CPU
		{50DD9EEC-6D41-4AE1-8A2F-5E855AEB2AFE}.Release|x86.ActiveCfg = Release|Any CPU
		{50DD9EEC-6D41-4AE1-8A2F-5E855AEB2AFE}.Release|x86.Build.0 = Release|Any CPU
		{00152F89-B941-4E82-8EE8-9FA75EA0F215}.Debug|Any CPU.ActiveCfg = Debug|Any CPU
		{00152F89-B941-4E82-8EE8-9FA75EA0F215}.Debug|Any CPU.Build.0 = Debug|Any CPU
		{00152F89-B941-4E82-8EE8-9FA75EA0F215}.Debug|x64.ActiveCfg = Debug|Any CPU
		{00152F89-B941-4E82-8EE8-9FA75EA0F215}.Debug|x64.Build.0 = Debug|Any CPU
		{00152F89-B941-4E82-8EE8-9FA75EA0F215}.Debug|x86.ActiveCfg = Debug|Any CPU
		{00152F89-B941-4E82-8EE8-9FA75EA0F215}.Debug|x86.Build.0 = Debug|Any CPU
		{00152F89-B941-4E82-8EE8-9FA75EA0F215}.Release|Any CPU.ActiveCfg = Release|Any CPU
		{00152F89-B941-4E82-8EE8-9FA75EA0F215}.Release|Any CPU.Build.0 = Release|Any CPU
		{00152F89-B941-4E82-8EE8-9FA75EA0F215}.Release|x64.ActiveCfg = Release|Any CPU
		{00152F89-B941-4E82-8EE8-9FA75EA0F215}.Release|x64.Build.0 = Release|Any CPU
		{00152F89-B941-4E82-8EE8-9FA75EA0F215}.Release|x86.ActiveCfg = Release|Any CPU
		{00152F89-B941-4E82-8EE8-9FA75EA0F215}.Release|x86.Build.0 = Release|Any CPU
		{524F71C7-270F-4047-B389-1241E3CB7B00}.Debug|Any CPU.ActiveCfg = Debug|Any CPU
		{524F71C7-270F-4047-B389-1241E3CB7B00}.Debug|Any CPU.Build.0 = Debug|Any CPU
		{524F71C7-270F-4047-B389-1241E3CB7B00}.Debug|x64.ActiveCfg = Debug|Any CPU
		{524F71C7-270F-4047-B389-1241E3CB7B00}.Debug|x64.Build.0 = Debug|Any CPU
		{524F71C7-270F-4047-B389-1241E3CB7B00}.Debug|x86.ActiveCfg = Debug|Any CPU
		{524F71C7-270F-4047-B389-1241E3CB7B00}.Debug|x86.Build.0 = Debug|Any CPU
		{524F71C7-270F-4047-B389-1241E3CB7B00}.Release|Any CPU.ActiveCfg = Release|Any CPU
		{524F71C7-270F-4047-B389-1241E3CB7B00}.Release|Any CPU.Build.0 = Release|Any CPU
		{524F71C7-270F-4047-B389-1241E3CB7B00}.Release|x64.ActiveCfg = Release|Any CPU
		{524F71C7-270F-4047-B389-1241E3CB7B00}.Release|x64.Build.0 = Release|Any CPU
		{524F71C7-270F-4047-B389-1241E3CB7B00}.Release|x86.ActiveCfg = Release|Any CPU
		{524F71C7-270F-4047-B389-1241E3CB7B00}.Release|x86.Build.0 = Release|Any CPU
		{84B30F21-E191-4A88-8B1B-B817C0AD0788}.Debug|Any CPU.ActiveCfg = Debug|Any CPU
		{84B30F21-E191-4A88-8B1B-B817C0AD0788}.Debug|Any CPU.Build.0 = Debug|Any CPU
		{84B30F21-E191-4A88-8B1B-B817C0AD0788}.Debug|x64.ActiveCfg = Debug|Any CPU
		{84B30F21-E191-4A88-8B1B-B817C0AD0788}.Debug|x64.Build.0 = Debug|Any CPU
		{84B30F21-E191-4A88-8B1B-B817C0AD0788}.Debug|x86.ActiveCfg = Debug|Any CPU
		{84B30F21-E191-4A88-8B1B-B817C0AD0788}.Debug|x86.Build.0 = Debug|Any CPU
		{84B30F21-E191-4A88-8B1B-B817C0AD0788}.Release|Any CPU.ActiveCfg = Release|Any CPU
		{84B30F21-E191-4A88-8B1B-B817C0AD0788}.Release|Any CPU.Build.0 = Release|Any CPU
		{84B30F21-E191-4A88-8B1B-B817C0AD0788}.Release|x64.ActiveCfg = Release|Any CPU
		{84B30F21-E191-4A88-8B1B-B817C0AD0788}.Release|x64.Build.0 = Release|Any CPU
		{84B30F21-E191-4A88-8B1B-B817C0AD0788}.Release|x86.ActiveCfg = Release|Any CPU
		{84B30F21-E191-4A88-8B1B-B817C0AD0788}.Release|x86.Build.0 = Release|Any CPU
		{AE62C824-698A-47D8-B235-6486E06405BD}.Debug|Any CPU.ActiveCfg = Debug|Any CPU
		{AE62C824-698A-47D8-B235-6486E06405BD}.Debug|Any CPU.Build.0 = Debug|Any CPU
		{AE62C824-698A-47D8-B235-6486E06405BD}.Debug|x64.ActiveCfg = Debug|Any CPU
		{AE62C824-698A-47D8-B235-6486E06405BD}.Debug|x64.Build.0 = Debug|Any CPU
		{AE62C824-698A-47D8-B235-6486E06405BD}.Debug|x86.ActiveCfg = Debug|Any CPU
		{AE62C824-698A-47D8-B235-6486E06405BD}.Debug|x86.Build.0 = Debug|Any CPU
		{AE62C824-698A-47D8-B235-6486E06405BD}.Release|Any CPU.ActiveCfg = Release|Any CPU
		{AE62C824-698A-47D8-B235-6486E06405BD}.Release|Any CPU.Build.0 = Release|Any CPU
		{AE62C824-698A-47D8-B235-6486E06405BD}.Release|x64.ActiveCfg = Release|Any CPU
		{AE62C824-698A-47D8-B235-6486E06405BD}.Release|x64.Build.0 = Release|Any CPU
		{AE62C824-698A-47D8-B235-6486E06405BD}.Release|x86.ActiveCfg = Release|Any CPU
		{AE62C824-698A-47D8-B235-6486E06405BD}.Release|x86.Build.0 = Release|Any CPU
		{7FC70D4D-E8B5-4681-9ECB-F9949FE8E7B6}.Debug|Any CPU.ActiveCfg = Debug|Any CPU
		{7FC70D4D-E8B5-4681-9ECB-F9949FE8E7B6}.Debug|Any CPU.Build.0 = Debug|Any CPU
		{7FC70D4D-E8B5-4681-9ECB-F9949FE8E7B6}.Debug|x64.ActiveCfg = Debug|Any CPU
		{7FC70D4D-E8B5-4681-9ECB-F9949FE8E7B6}.Debug|x64.Build.0 = Debug|Any CPU
		{7FC70D4D-E8B5-4681-9ECB-F9949FE8E7B6}.Debug|x86.ActiveCfg = Debug|Any CPU
		{7FC70D4D-E8B5-4681-9ECB-F9949FE8E7B6}.Debug|x86.Build.0 = Debug|Any CPU
		{7FC70D4D-E8B5-4681-9ECB-F9949FE8E7B6}.Release|Any CPU.ActiveCfg = Release|Any CPU
		{7FC70D4D-E8B5-4681-9ECB-F9949FE8E7B6}.Release|Any CPU.Build.0 = Release|Any CPU
		{7FC70D4D-E8B5-4681-9ECB-F9949FE8E7B6}.Release|x64.ActiveCfg = Release|Any CPU
		{7FC70D4D-E8B5-4681-9ECB-F9949FE8E7B6}.Release|x64.Build.0 = Release|Any CPU
		{7FC70D4D-E8B5-4681-9ECB-F9949FE8E7B6}.Release|x86.ActiveCfg = Release|Any CPU
		{7FC70D4D-E8B5-4681-9ECB-F9949FE8E7B6}.Release|x86.Build.0 = Release|Any CPU
		{F3C41A70-024A-4E59-AAFB-98FDB10E1A43}.Debug|Any CPU.ActiveCfg = Debug|Any CPU
		{F3C41A70-024A-4E59-AAFB-98FDB10E1A43}.Debug|Any CPU.Build.0 = Debug|Any CPU
		{F3C41A70-024A-4E59-AAFB-98FDB10E1A43}.Debug|x64.ActiveCfg = Debug|Any CPU
		{F3C41A70-024A-4E59-AAFB-98FDB10E1A43}.Debug|x64.Build.0 = Debug|Any CPU
		{F3C41A70-024A-4E59-AAFB-98FDB10E1A43}.Debug|x86.ActiveCfg = Debug|Any CPU
		{F3C41A70-024A-4E59-AAFB-98FDB10E1A43}.Debug|x86.Build.0 = Debug|Any CPU
		{F3C41A70-024A-4E59-AAFB-98FDB10E1A43}.Release|Any CPU.ActiveCfg = Release|Any CPU
		{F3C41A70-024A-4E59-AAFB-98FDB10E1A43}.Release|Any CPU.Build.0 = Release|Any CPU
		{F3C41A70-024A-4E59-AAFB-98FDB10E1A43}.Release|x64.ActiveCfg = Release|Any CPU
		{F3C41A70-024A-4E59-AAFB-98FDB10E1A43}.Release|x64.Build.0 = Release|Any CPU
		{F3C41A70-024A-4E59-AAFB-98FDB10E1A43}.Release|x86.ActiveCfg = Release|Any CPU
		{F3C41A70-024A-4E59-AAFB-98FDB10E1A43}.Release|x86.Build.0 = Release|Any CPU
		{B66A75A0-76D3-4A37-8CDC-F12F082AE8EB}.Debug|Any CPU.ActiveCfg = Debug|Any CPU
		{B66A75A0-76D3-4A37-8CDC-F12F082AE8EB}.Debug|Any CPU.Build.0 = Debug|Any CPU
		{B66A75A0-76D3-4A37-8CDC-F12F082AE8EB}.Debug|x64.ActiveCfg = Debug|Any CPU
		{B66A75A0-76D3-4A37-8CDC-F12F082AE8EB}.Debug|x64.Build.0 = Debug|Any CPU
		{B66A75A0-76D3-4A37-8CDC-F12F082AE8EB}.Debug|x86.ActiveCfg = Debug|Any CPU
		{B66A75A0-76D3-4A37-8CDC-F12F082AE8EB}.Debug|x86.Build.0 = Debug|Any CPU
		{B66A75A0-76D3-4A37-8CDC-F12F082AE8EB}.Release|Any CPU.ActiveCfg = Release|Any CPU
		{B66A75A0-76D3-4A37-8CDC-F12F082AE8EB}.Release|Any CPU.Build.0 = Release|Any CPU
		{B66A75A0-76D3-4A37-8CDC-F12F082AE8EB}.Release|x64.ActiveCfg = Release|Any CPU
		{B66A75A0-76D3-4A37-8CDC-F12F082AE8EB}.Release|x64.Build.0 = Release|Any CPU
		{B66A75A0-76D3-4A37-8CDC-F12F082AE8EB}.Release|x86.ActiveCfg = Release|Any CPU
		{B66A75A0-76D3-4A37-8CDC-F12F082AE8EB}.Release|x86.Build.0 = Release|Any CPU
		{76EE1B81-F416-4140-8C7D-48BBA4A2A961}.Debug|Any CPU.ActiveCfg = Debug|Any CPU
		{76EE1B81-F416-4140-8C7D-48BBA4A2A961}.Debug|Any CPU.Build.0 = Debug|Any CPU
		{76EE1B81-F416-4140-8C7D-48BBA4A2A961}.Debug|x64.ActiveCfg = Debug|Any CPU
		{76EE1B81-F416-4140-8C7D-48BBA4A2A961}.Debug|x64.Build.0 = Debug|Any CPU
		{76EE1B81-F416-4140-8C7D-48BBA4A2A961}.Debug|x86.ActiveCfg = Debug|Any CPU
		{76EE1B81-F416-4140-8C7D-48BBA4A2A961}.Debug|x86.Build.0 = Debug|Any CPU
		{76EE1B81-F416-4140-8C7D-48BBA4A2A961}.Release|Any CPU.ActiveCfg = Release|Any CPU
		{76EE1B81-F416-4140-8C7D-48BBA4A2A961}.Release|Any CPU.Build.0 = Release|Any CPU
		{76EE1B81-F416-4140-8C7D-48BBA4A2A961}.Release|x64.ActiveCfg = Release|Any CPU
		{76EE1B81-F416-4140-8C7D-48BBA4A2A961}.Release|x64.Build.0 = Release|Any CPU
		{76EE1B81-F416-4140-8C7D-48BBA4A2A961}.Release|x86.ActiveCfg = Release|Any CPU
		{76EE1B81-F416-4140-8C7D-48BBA4A2A961}.Release|x86.Build.0 = Release|Any CPU
		{18D43329-6CD6-40EA-9A3F-5C58ADCAFA07}.Debug|Any CPU.ActiveCfg = Debug|Any CPU
		{18D43329-6CD6-40EA-9A3F-5C58ADCAFA07}.Debug|Any CPU.Build.0 = Debug|Any CPU
		{18D43329-6CD6-40EA-9A3F-5C58ADCAFA07}.Debug|x64.ActiveCfg = Debug|Any CPU
		{18D43329-6CD6-40EA-9A3F-5C58ADCAFA07}.Debug|x64.Build.0 = Debug|Any CPU
		{18D43329-6CD6-40EA-9A3F-5C58ADCAFA07}.Debug|x86.ActiveCfg = Debug|Any CPU
		{18D43329-6CD6-40EA-9A3F-5C58ADCAFA07}.Debug|x86.Build.0 = Debug|Any CPU
		{18D43329-6CD6-40EA-9A3F-5C58ADCAFA07}.Release|Any CPU.ActiveCfg = Release|Any CPU
		{18D43329-6CD6-40EA-9A3F-5C58ADCAFA07}.Release|Any CPU.Build.0 = Release|Any CPU
		{18D43329-6CD6-40EA-9A3F-5C58ADCAFA07}.Release|x64.ActiveCfg = Release|Any CPU
		{18D43329-6CD6-40EA-9A3F-5C58ADCAFA07}.Release|x64.Build.0 = Release|Any CPU
		{18D43329-6CD6-40EA-9A3F-5C58ADCAFA07}.Release|x86.ActiveCfg = Release|Any CPU
		{18D43329-6CD6-40EA-9A3F-5C58ADCAFA07}.Release|x86.Build.0 = Release|Any CPU
		{BD0FA5B4-15DE-49F7-8089-CC7B802C77DD}.Debug|Any CPU.ActiveCfg = Debug|Any CPU
		{BD0FA5B4-15DE-49F7-8089-CC7B802C77DD}.Debug|Any CPU.Build.0 = Debug|Any CPU
		{BD0FA5B4-15DE-49F7-8089-CC7B802C77DD}.Debug|x64.ActiveCfg = Debug|Any CPU
		{BD0FA5B4-15DE-49F7-8089-CC7B802C77DD}.Debug|x64.Build.0 = Debug|Any CPU
		{BD0FA5B4-15DE-49F7-8089-CC7B802C77DD}.Debug|x86.ActiveCfg = Debug|Any CPU
		{BD0FA5B4-15DE-49F7-8089-CC7B802C77DD}.Debug|x86.Build.0 = Debug|Any CPU
		{BD0FA5B4-15DE-49F7-8089-CC7B802C77DD}.Release|Any CPU.ActiveCfg = Release|Any CPU
		{BD0FA5B4-15DE-49F7-8089-CC7B802C77DD}.Release|Any CPU.Build.0 = Release|Any CPU
		{BD0FA5B4-15DE-49F7-8089-CC7B802C77DD}.Release|x64.ActiveCfg = Release|Any CPU
		{BD0FA5B4-15DE-49F7-8089-CC7B802C77DD}.Release|x64.Build.0 = Release|Any CPU
		{BD0FA5B4-15DE-49F7-8089-CC7B802C77DD}.Release|x86.ActiveCfg = Release|Any CPU
		{BD0FA5B4-15DE-49F7-8089-CC7B802C77DD}.Release|x86.Build.0 = Release|Any CPU
		{CB7E5C30-FC3B-4D5F-85E0-AFBADE819C85}.Debug|Any CPU.ActiveCfg = Debug|Any CPU
		{CB7E5C30-FC3B-4D5F-85E0-AFBADE819C85}.Debug|Any CPU.Build.0 = Debug|Any CPU
		{CB7E5C30-FC3B-4D5F-85E0-AFBADE819C85}.Debug|x64.ActiveCfg = Debug|Any CPU
		{CB7E5C30-FC3B-4D5F-85E0-AFBADE819C85}.Debug|x64.Build.0 = Debug|Any CPU
		{CB7E5C30-FC3B-4D5F-85E0-AFBADE819C85}.Debug|x86.ActiveCfg = Debug|Any CPU
		{CB7E5C30-FC3B-4D5F-85E0-AFBADE819C85}.Debug|x86.Build.0 = Debug|Any CPU
		{CB7E5C30-FC3B-4D5F-85E0-AFBADE819C85}.Release|Any CPU.ActiveCfg = Release|Any CPU
		{CB7E5C30-FC3B-4D5F-85E0-AFBADE819C85}.Release|Any CPU.Build.0 = Release|Any CPU
		{CB7E5C30-FC3B-4D5F-85E0-AFBADE819C85}.Release|x64.ActiveCfg = Release|Any CPU
		{CB7E5C30-FC3B-4D5F-85E0-AFBADE819C85}.Release|x64.Build.0 = Release|Any CPU
		{CB7E5C30-FC3B-4D5F-85E0-AFBADE819C85}.Release|x86.ActiveCfg = Release|Any CPU
		{CB7E5C30-FC3B-4D5F-85E0-AFBADE819C85}.Release|x86.Build.0 = Release|Any CPU
		{F0325957-A272-419F-92C8-D5148F73633E}.Debug|Any CPU.ActiveCfg = Debug|Any CPU
		{F0325957-A272-419F-92C8-D5148F73633E}.Debug|Any CPU.Build.0 = Debug|Any CPU
		{F0325957-A272-419F-92C8-D5148F73633E}.Debug|x64.ActiveCfg = Debug|Any CPU
		{F0325957-A272-419F-92C8-D5148F73633E}.Debug|x64.Build.0 = Debug|Any CPU
		{F0325957-A272-419F-92C8-D5148F73633E}.Debug|x86.ActiveCfg = Debug|Any CPU
		{F0325957-A272-419F-92C8-D5148F73633E}.Debug|x86.Build.0 = Debug|Any CPU
		{F0325957-A272-419F-92C8-D5148F73633E}.Release|Any CPU.ActiveCfg = Release|Any CPU
		{F0325957-A272-419F-92C8-D5148F73633E}.Release|Any CPU.Build.0 = Release|Any CPU
		{F0325957-A272-419F-92C8-D5148F73633E}.Release|x64.ActiveCfg = Release|Any CPU
		{F0325957-A272-419F-92C8-D5148F73633E}.Release|x64.Build.0 = Release|Any CPU
		{F0325957-A272-419F-92C8-D5148F73633E}.Release|x86.ActiveCfg = Release|Any CPU
		{F0325957-A272-419F-92C8-D5148F73633E}.Release|x86.Build.0 = Release|Any CPU
		{71154A7C-FA05-4B35-8F7F-65172E5101A4}.Debug|Any CPU.ActiveCfg = Debug|Any CPU
		{71154A7C-FA05-4B35-8F7F-65172E5101A4}.Debug|Any CPU.Build.0 = Debug|Any CPU
		{71154A7C-FA05-4B35-8F7F-65172E5101A4}.Debug|x64.ActiveCfg = Debug|Any CPU
		{71154A7C-FA05-4B35-8F7F-65172E5101A4}.Debug|x64.Build.0 = Debug|Any CPU
		{71154A7C-FA05-4B35-8F7F-65172E5101A4}.Debug|x86.ActiveCfg = Debug|Any CPU
		{71154A7C-FA05-4B35-8F7F-65172E5101A4}.Debug|x86.Build.0 = Debug|Any CPU
		{71154A7C-FA05-4B35-8F7F-65172E5101A4}.Release|Any CPU.ActiveCfg = Release|Any CPU
		{71154A7C-FA05-4B35-8F7F-65172E5101A4}.Release|Any CPU.Build.0 = Release|Any CPU
		{71154A7C-FA05-4B35-8F7F-65172E5101A4}.Release|x64.ActiveCfg = Release|Any CPU
		{71154A7C-FA05-4B35-8F7F-65172E5101A4}.Release|x64.Build.0 = Release|Any CPU
		{71154A7C-FA05-4B35-8F7F-65172E5101A4}.Release|x86.ActiveCfg = Release|Any CPU
		{71154A7C-FA05-4B35-8F7F-65172E5101A4}.Release|x86.Build.0 = Release|Any CPU
	EndGlobalSection
	GlobalSection(SolutionProperties) = preSolution
		HideSolutionNode = FALSE
	EndGlobalSection
	GlobalSection(NestedProjects) = preSolution
		{524F71C7-270F-4047-B389-1241E3CB7B00} = {B36A84DF-456D-A817-6EDD-3EC3E7F6E11F}
		{84B30F21-E191-4A88-8B1B-B817C0AD0788} = {B36A84DF-456D-A817-6EDD-3EC3E7F6E11F}
		{AE62C824-698A-47D8-B235-6486E06405BD} = {B36A84DF-456D-A817-6EDD-3EC3E7F6E11F}
	EndGlobalSection
EndGlobal
